// !$*UTF8*$!
{
 archiveVersion = 1;
 classes = {};
 objectVersion = 77;
 objects = {
  A00000000000000000000001 = {isa = PBXProject; attributes = {BuildIndependentTargetsInParallel = 1; LastUpgradeCheck = 2700; TargetAttributes = {A00000000000000000000002 = {CreatedOnToolsVersion = 27.0;}; A00000000000000000000003 = {CreatedOnToolsVersion = 27.0; TestTargetID = A00000000000000000000002;};};}; buildConfigurationList = A00000000000000000000010; compatibilityVersion = "Xcode 16.0"; developmentRegion = en; hasScannedForEncodings = 0; knownRegions = (en, Base); mainGroup = A00000000000000000000004; minimizedProjectReferenceProxies = 1; packageReferences = (A00000000000000000000030); preferredProjectObjectVersion = 77; productRefGroup = A00000000000000000000007; projectDirPath = ""; projectRoot = ""; targets = (A00000000000000000000002, A00000000000000000000003);};
  A00000000000000000000002 = {isa = PBXNativeTarget; buildConfigurationList = A00000000000000000000011; buildPhases = (A00000000000000000000020, A00000000000000000000021, A00000000000000000000022); buildRules = (); dependencies = (); fileSystemSynchronizedGroups = (A00000000000000000000005); name = SecondLook; packageProductDependencies = (A00000000000000000000031); productName = SecondLook; productReference = A00000000000000000000008; productType = "com.apple.product-type.application";};
  A00000000000000000000003 = {isa = PBXNativeTarget; buildConfigurationList = A00000000000000000000012; buildPhases = (A00000000000000000000023, A00000000000000000000024, A00000000000000000000025); buildRules = (); dependencies = (A00000000000000000000033); fileSystemSynchronizedGroups = (A00000000000000000000006); name = SecondLookUITests; packageProductDependencies = (); productName = SecondLookUITests; productReference = A00000000000000000000009; productType = "com.apple.product-type.bundle.ui-testing";};
  A00000000000000000000004 = {isa = PBXGroup; children = (A00000000000000000000005, A00000000000000000000006, A00000000000000000000007); sourceTree = "<group>";};
  A00000000000000000000005 = {isa = PBXFileSystemSynchronizedRootGroup; path = SecondLook; sourceTree = "<group>";};
  A00000000000000000000006 = {isa = PBXFileSystemSynchronizedRootGroup; path = SecondLookUITests; sourceTree = "<group>";};
  A00000000000000000000007 = {isa = PBXGroup; children = (A00000000000000000000008, A00000000000000000000009); name = Products; sourceTree = "<group>";};
  A00000000000000000000008 = {isa = PBXFileReference; explicitFileType = wrapper.application; includeInIndex = 0; path = SecondLook.app; sourceTree = BUILT_PRODUCTS_DIR;};
  A00000000000000000000009 = {isa = PBXFileReference; explicitFileType = wrapper.cfbundle; includeInIndex = 0; path = SecondLookUITests.xctest; sourceTree = BUILT_PRODUCTS_DIR;};
  A00000000000000000000010 = {isa = XCConfigurationList; buildConfigurations = (A00000000000000000000040, A00000000000000000000041); defaultConfigurationIsVisible = 0; defaultConfigurationName = Release;};
  A00000000000000000000011 = {isa = XCConfigurationList; buildConfigurations = (A00000000000000000000042, A00000000000000000000043); defaultConfigurationIsVisible = 0; defaultConfigurationName = Release;};
  A00000000000000000000012 = {isa = XCConfigurationList; buildConfigurations = (A00000000000000000000044, A00000000000000000000045); defaultConfigurationIsVisible = 0; defaultConfigurationName = Release;};
  A00000000000000000000020 = {isa = PBXSourcesBuildPhase; buildActionMask = 2147483647; files = (); runOnlyForDeploymentPostprocessing = 0;};
  A00000000000000000000021 = {isa = PBXFrameworksBuildPhase; buildActionMask = 2147483647; files = (A00000000000000000000032); runOnlyForDeploymentPostprocessing = 0;};
  A00000000000000000000022 = {isa = PBXResourcesBuildPhase; buildActionMask = 2147483647; files = (); runOnlyForDeploymentPostprocessing = 0;};
  A00000000000000000000023 = {isa = PBXSourcesBuildPhase; buildActionMask = 2147483647; files = (); runOnlyForDeploymentPostprocessing = 0;};
  A00000000000000000000024 = {isa = PBXFrameworksBuildPhase; buildActionMask = 2147483647; files = (); runOnlyForDeploymentPostprocessing = 0;};
  A00000000000000000000025 = {isa = PBXResourcesBuildPhase; buildActionMask = 2147483647; files = (); runOnlyForDeploymentPostprocessing = 0;};
  A00000000000000000000030 = {isa = XCLocalSwiftPackageReference; relativePath = .;};
  A00000000000000000000031 = {isa = XCSwiftPackageProductDependency; package = A00000000000000000000030; productName = SecondLookCore;};
  A00000000000000000000032 = {isa = PBXBuildFile; productRef = A00000000000000000000031;};
  A00000000000000000000033 = {isa = PBXTargetDependency; target = A00000000000000000000002; targetProxy = A00000000000000000000034;};
  A00000000000000000000034 = {isa = PBXContainerItemProxy; containerPortal = A00000000000000000000001; proxyType = 1; remoteGlobalIDString = A00000000000000000000002; remoteInfo = SecondLook;};
  A00000000000000000000040 = {isa = XCBuildConfiguration; name = Debug; buildSettings = {ALWAYS_SEARCH_USER_PATHS = NO; CLANG_ENABLE_MODULES = YES; DEBUG_INFORMATION_FORMAT = dwarf; ENABLE_TESTABILITY = YES; GCC_OPTIMIZATION_LEVEL = 0; ONLY_ACTIVE_ARCH = YES; IPHONEOS_DEPLOYMENT_TARGET = 17.0; SDKROOT = iphoneos; SWIFT_ACTIVE_COMPILATION_CONDITIONS = "DEBUG $(inherited)"; SWIFT_OPTIMIZATION_LEVEL = "-Onone"; SWIFT_VERSION = 6.0;};};
  A00000000000000000000041 = {isa = XCBuildConfiguration; name = Release; buildSettings = {ALWAYS_SEARCH_USER_PATHS = NO; CLANG_ENABLE_MODULES = YES; DEBUG_INFORMATION_FORMAT = "dwarf-with-dsym"; IPHONEOS_DEPLOYMENT_TARGET = 17.0; SDKROOT = iphoneos; SWIFT_COMPILATION_MODE = wholemodule; SWIFT_OPTIMIZATION_LEVEL = "-O"; SWIFT_VERSION = 6.0; VALIDATE_PRODUCT = YES;};};
  A00000000000000000000042 = {isa = XCBuildConfiguration; name = Debug; buildSettings = {CODE_SIGN_STYLE = Automatic; CODE_SIGN_ENTITLEMENTS = "Configuration/SecondLook-Debug.entitlements"; CURRENT_PROJECT_VERSION = 1; GENERATE_INFOPLIST_FILE = YES; INFOPLIST_KEY_CFBundleDisplayName = "Second Look Demo"; INFOPLIST_KEY_LSApplicationCategoryType = "public.app-category.productivity"; INFOPLIST_KEY_UIApplicationSceneManifest_Generation = YES; INFOPLIST_KEY_UIApplicationSupportsIndirectInputEvents = YES; INFOPLIST_KEY_UILaunchScreen_Generation = YES; INFOPLIST_KEY_UISupportedInterfaceOrientations_iPhone = "UIInterfaceOrientationPortrait UIInterfaceOrientationLandscapeLeft UIInterfaceOrientationLandscapeRight"; LD_RUNPATH_SEARCH_PATHS = "$(inherited) @executable_path/Frameworks"; MARKETING_VERSION = 0.1.0; PRODUCT_BUNDLE_IDENTIFIER = com.joshuawyadao.SecondLook.demo; PRODUCT_NAME = "$(TARGET_NAME)"; SUPPORTED_PLATFORMS = "iphoneos iphonesimulator"; SUPPORTS_MACCATALYST = NO; SWIFT_ACTIVE_COMPILATION_CONDITIONS = "$(inherited) SECONDLOOK_DEMO"; TARGETED_DEVICE_FAMILY = 1;};};
  A00000000000000000000043 = {isa = XCBuildConfiguration; name = Release; buildSettings = {CODE_SIGN_STYLE = Automatic; CURRENT_PROJECT_VERSION = 1; GENERATE_INFOPLIST_FILE = YES; INFOPLIST_KEY_CFBundleDisplayName = "Second Look"; INFOPLIST_KEY_LSApplicationCategoryType = "public.app-category.productivity"; INFOPLIST_KEY_UIApplicationSceneManifest_Generation = YES; INFOPLIST_KEY_UIApplicationSupportsIndirectInputEvents = YES; INFOPLIST_KEY_UILaunchScreen_Generation = YES; INFOPLIST_KEY_UISupportedInterfaceOrientations_iPhone = "UIInterfaceOrientationPortrait UIInterfaceOrientationLandscapeLeft UIInterfaceOrientationLandscapeRight"; LD_RUNPATH_SEARCH_PATHS = "$(inherited) @executable_path/Frameworks"; MARKETING_VERSION = 0.1.0; PRODUCT_BUNDLE_IDENTIFIER = com.joshuawyadao.SecondLook.local; PRODUCT_NAME = "$(TARGET_NAME)"; SUPPORTED_PLATFORMS = "iphoneos iphonesimulator"; SUPPORTS_MACCATALYST = NO; TARGETED_DEVICE_FAMILY = 1;};};
  A00000000000000000000044 = {isa = XCBuildConfiguration; name = Debug; buildSettings = {CODE_SIGN_STYLE = Automatic; GENERATE_INFOPLIST_FILE = YES; PRODUCT_BUNDLE_IDENTIFIER = com.joshuawyadao.SecondLook.UITests; PRODUCT_NAME = "$(TARGET_NAME)"; SWIFT_VERSION = 6.0; TARGETED_DEVICE_FAMILY = 1; TEST_TARGET_NAME = SecondLook;};};
  A00000000000000000000045 = {isa = XCBuildConfiguration; name = Release; buildSettings = {CODE_SIGN_STYLE = Automatic; GENERATE_INFOPLIST_FILE = YES; PRODUCT_BUNDLE_IDENTIFIER = com.joshuawyadao.SecondLook.UITests; PRODUCT_NAME = "$(TARGET_NAME)"; SWIFT_VERSION = 6.0; TARGETED_DEVICE_FAMILY = 1; TEST_TARGET_NAME = SecondLook;};};
 };
 rootObject = A00000000000000000000001;
}
